
Microsoft Visual Studio Solution File, Format Version 12.00
# Visual Studio Version 17
VisualStudioVersion = 17.11.35303.130
MinimumVisualStudioVersion = 10.0.40219.1
Project("{FAE04EC0-301F-11D3-BF4B-00C04F79EFBC}") = "WebApplication_WestRegion", "WebApplication_WestRegion\WebApplication_WestRegion.csproj", "{3EF73D8D-5527-4549-90D9-3EEF4D94AC59}"
EndProject
Global
	GlobalSection(SolutionConfigurationPlatforms) = preSolution
		Debug|Any CPU = Debug|Any CPU
		Release|Any CPU = Release|Any CPU
	EndGlobalSection
	GlobalSection(ProjectConfigurationPlatforms) = postSolution
		{3EF73D8D-5527-4549-90D9-3EEF4D94AC59}.Debug|Any CPU.ActiveCfg = Debug|Any CPU
		{3EF73D8D-5527-4549-90D9-3EEF4D94AC59}.Debug|Any CPU.Build.0 = Debug|Any CPU
		{3EF73D8D-5527-4549-90D9-3EEF4D94AC59}.Release|Any CPU.ActiveCfg = Release|Any CPU
		{3EF73D8D-5527-4549-90D9-3EEF4D94AC59}.Release|Any CPU.Build.0 = Release|Any CPU
	EndGlobalSection
	GlobalSection(SolutionProperties) = preSolution
		HideSolutionNode = FALSE
	EndGlobalSection
	GlobalSection(ExtensibilityGlobals) = postSolution
		SolutionGuid = {8D95F10F-4EE3-4E5C-9CF0-D86259A9564D}
	EndGlobalSection
EndGlobal
